// !$*UTF8*$!
{
	archiveVersion = 1;
	classes = {
	};
	objectVersion = 46;
	objects = {

/* Begin PBXBuildFile section */
		254C36C51E98366600E9FAFB /* 1lab.swift in Sources */ = {isa = PBXBuildFile; fileRef = 254C36C41E98366600E9FAFB /* 1lab.swift */; };
		25BE18A81E98F8A10053984A /* 2lab.swift in Sources */ = {isa = PBXBuildFile; fileRef = 25BE18A71E98F8A10053984A /* 2lab.swift */; };
		25BE18AA1E98F8B40053984A /* 2labExtension.swift in Sources */ = {isa = PBXBuildFile; fileRef = 25BE18A91E98F8B40053984A /* 2labExtension.swift */; };
		25C5B6CB1E93BFCA00802E30 /* 1labExtension.swift in Sources */ = {isa = PBXBuildFile; fileRef = 25C5B6CA1E93BFCA00802E30 /* 1labExtension.swift */; };
		25E169531E533733000EE428 /* main.swift in Sources */ = {isa = PBXBuildFile; fileRef = 25E169521E533733000EE428 /* main.swift */; };
		25E1695A1E5337D3000EE428 /* Graph.swift in Sources */ = {isa = PBXBuildFile; fileRef = 25E169591E5337D3000EE428 /* Graph.swift */; };
		25E1695E1E578913000EE428 /* ConsoleHelpers.swift in Sources */ = {isa = PBXBuildFile; fileRef = 25E1695D1E578913000EE428 /* ConsoleHelpers.swift */; };
		25E169621E5845F0000EE428 /* Extensions.swift in Sources */ = {isa = PBXBuildFile; fileRef = 25E169611E5845F0000EE428 /* Extensions.swift */; };
/* End PBXBuildFile section */

/* Begin PBXCopyFilesBuildPhase section */
		25E1694D1E533733000EE428 /* CopyFiles */ = {
			isa = PBXCopyFilesBuildPhase;
			buildActionMask = 2147483647;
			dstPath = /usr/share/man/man1/;
			dstSubfolderSpec = 0;
			files = (
			);
			runOnlyForDeploymentPostprocessing = 1;
		};
/* End PBXCopyFilesBuildPhase section */

/* Begin PBXFileReference section */
		254C36C41E98366600E9FAFB /* 1lab.swift */ = {isa = PBXFileReference; fileEncoding = 4; lastKnownFileType = sourcecode.swift; path = 1lab.swift; sourceTree = "<group>"; };
		25BE18A71E98F8A10053984A /* 2lab.swift */ = {isa = PBXFileReference; fileEncoding = 4; lastKnownFileType = sourcecode.swift; path = 2lab.swift; sourceTree = "<group>"; };
		25BE18A91E98F8B40053984A /* 2labExtension.swift */ = {isa = PBXFileReference; fileEncoding = 4; lastKnownFileType = sourcecode.swift; path = 2labExtension.swift; sourceTree = "<group>"; };
		25C5B6CA1E93BFCA00802E30 /* 1labExtension.swift */ = {isa = PBXFileReference; fileEncoding = 4; lastKnownFileType = sourcecode.swift; path = 1labExtension.swift; sourceTree = "<group>"; };
		25E1694F1E533733000EE428 /* AlgoGraph */ = {isa = PBXFileReference; explicitFileType = "compiled.mach-o.executable"; includeInIndex = 0; path = AlgoGraph; sourceTree = BUILT_PRODUCTS_DIR; };
		25E169521E533733000EE428 /* main.swift */ = {isa = PBXFileReference; lastKnownFileType = sourcecode.swift; path = main.swift; sourceTree = "<group>"; };
		25E169591E5337D3000EE428 /* Graph.swift */ = {isa = PBXFileReference; fileEncoding = 4; lastKnownFileType = sourcecode.swift; path = Graph.swift; sourceTree = "<group>"; };
		25E1695D1E578913000EE428 /* ConsoleHelpers.swift */ = {isa = PBXFileReference; fileEncoding = 4; lastKnownFileType = sourcecode.swift; path = ConsoleHelpers.swift; sourceTree = "<group>"; };
		25E169611E5845F0000EE428 /* Extensions.swift */ = {isa = PBXFileReference; fileEncoding = 4; lastKnownFileType = sourcecode.swift; path = Extensions.swift; sourceTree = "<group>"; };
/* End PBXFileReference section */

/* Begin PBXFrameworksBuildPhase section */
		25E1694C1E533733000EE428 /* Frameworks */ = {
			isa = PBXFrameworksBuildPhase;
			buildActionMask = 2147483647;
			files = (
			);
			runOnlyForDeploymentPostprocessing = 0;
		};
/* End PBXFrameworksBuildPhase section */

/* Begin PBXGroup section */
		25C5B6CC1E93C09600802E30 /* 1 lab */ = {
			isa = PBXGroup;
			children = (
				254C36C41E98366600E9FAFB /* 1lab.swift */,
				25C5B6CA1E93BFCA00802E30 /* 1labExtension.swift */,
			);
			name = "1 lab";
			sourceTree = "<group>";
		};
		25C5B6CD1E93C09A00802E30 /* 2 lab */ = {
			isa = PBXGroup;
			children = (
				25BE18A71E98F8A10053984A /* 2lab.swift */,
				25BE18A91E98F8B40053984A /* 2labExtension.swift */,
			);
			name = "2 lab";
			sourceTree = "<group>";
		};
		25C5B6CE1E93C09F00802E30 /* 3 lab */ = {
			isa = PBXGroup;
			children = (
			);
			name = "3 lab";
			sourceTree = "<group>";
		};
		25C5B6CF1E93C0A600802E30 /* 4 lab */ = {
			isa = PBXGroup;
			children = (
			);
			name = "4 lab";
			sourceTree = "<group>";
		};
		25E169461E533733000EE428 = {
			isa = PBXGroup;
			children = (
				25E169511E533733000EE428 /* AlgoGraph */,
				25E169501E533733000EE428 /* Products */,
			);
			sourceTree = "<group>";
		};
		25E169501E533733000EE428 /* Products */ = {
			isa = PBXGroup;
			children = (
				25E1694F1E533733000EE428 /* AlgoGraph */,
			);
			name = Products;
			sourceTree = "<group>";
		};
		25E169511E533733000EE428 /* AlgoGraph */ = {
			isa = PBXGroup;
			children = (
				25E169521E533733000EE428 /* main.swift */,
				25E169591E5337D3000EE428 /* Graph.swift */,
				25C5B6CC1E93C09600802E30 /* 1 lab */,
				25C5B6CD1E93C09A00802E30 /* 2 lab */,
				25C5B6CE1E93C09F00802E30 /* 3 lab */,
				25C5B6CF1E93C0A600802E30 /* 4 lab */,
				25E1695D1E578913000EE428 /* ConsoleHelpers.swift */,
				25E169611E5845F0000EE428 /* Extensions.swift */,
			);
			path = AlgoGraph;
			sourceTree = "<group>";
		};
/* End PBXGroup section */

/* Begin PBXNativeTarget section */
		25E1694E1E533733000EE428 /* AlgoGraph */ = {
			isa = PBXNativeTarget;
			buildConfigurationList = 25E169561E533733000EE428 /* Build configuration list for PBXNativeTarget "AlgoGraph" */;
			buildPhases = (
				25E1694B1E533733000EE428 /* Sources */,
				25E1694C1E533733000EE428 /* Frameworks */,
				25E1694D1E533733000EE428 /* CopyFiles */,
			);
			buildRules = (
			);
			dependencies = (
			);
			name = AlgoGraph;
			productName = AlgoGraph;
			productReference = 25E1694F1E533733000EE428 /* AlgoGraph */;
			productType = "com.apple.product-type.tool";
		};
/* End PBXNativeTarget section */

/* Begin PBXProject section */
		25E169471E533733000EE428 /* Project object */ = {
			isa = PBXProject;
			attributes = {
				LastSwiftUpdateCheck = 0820;
				LastUpgradeCheck = 0820;
				ORGANIZATIONNAME = "Denis Svichkarev";
				TargetAttributes = {
					25E1694E1E533733000EE428 = {
						CreatedOnToolsVersion = 8.2.1;
						DevelopmentTeam = 74KE6VKKSF;
						ProvisioningStyle = Automatic;
					};
				};
			};
			buildConfigurationList = 25E1694A1E533733000EE428 /* Build configuration list for PBXProject "AlgoGraph" */;
			compatibilityVersion = "Xcode 3.2";
			developmentRegion = English;
			hasScannedForEncodings = 0;
			knownRegions = (
				en,
			);
			mainGroup = 25E169461E533733000EE428;
			productRefGroup = 25E169501E533733000EE428 /* Products */;
			projectDirPath = "";
			projectRoot = "";
			targets = (
				25E1694E1E533733000EE428 /* AlgoGraph */,
			);
		};
/* End PBXProject section */

/* Begin PBXSourcesBuildPhase section */
		25E1694B1E533733000EE428 /* Sources */ = {
			isa = PBXSourcesBuildPhase;
			buildActionMask = 2147483647;
			files = (
				25E1695A1E5337D3000EE428 /* Graph.swift in Sources */,
				254C36C51E98366600E9FAFB /* 1lab.swift in Sources */,
				25E169531E533733000EE428 /* main.swift in Sources */,
				25C5B6CB1E93BFCA00802E30 /* 1labExtension.swift in Sources */,
				25BE18AA1E98F8B40053984A /* 2labExtension.swift in Sources */,
				25E1695E1E578913000EE428 /* ConsoleHelpers.swift in Sources */,
				25BE18A81E98F8A10053984A /* 2lab.swift in Sources */,
				25E169621E5845F0000EE428 /* Extensions.swift in Sources */,
			);
			runOnlyForDeploymentPostprocessing = 0;
		};
/* End PBXSourcesBuildPhase section */

/* Begin XCBuildConfiguration section */
		25E169541E533733000EE428 /* Debug */ = {
			isa = XCBuildConfiguration;
			buildSettings = {
				ALWAYS_SEARCH_USER_PATHS = NO;
				CLANG_ANALYZER_NONNULL = YES;
				CLANG_CXX_LANGUAGE_STANDARD = "gnu++0x";
				CLANG_CXX_LIBRARY = "libc++";
				CLANG_ENABLE_MODULES = YES;
				CLANG_ENABLE_OBJC_ARC = YES;
				CLANG_WARN_BOOL_CONVERSION = YES;
				CLANG_WARN_CONSTANT_CONVERSION = YES;
				CLANG_WARN_DIRECT_OBJC_ISA_USAGE = YES_ERROR;
				CLANG_WARN_DOCUMENTATION_COMMENTS = YES;
				CLANG_WARN_EMPTY_BODY = YES;
				CLANG_WARN_ENUM_CONVERSION = YES;
				CLANG_WARN_INFINITE_RECURSION = YES;
				CLANG_WARN_INT_CONVERSION = YES;
				CLANG_WARN_OBJC_ROOT_CLASS = YES_ERROR;
				CLANG_WARN_SUSPICIOUS_MOVE = YES;
				CLANG_WARN_UNREACHABLE_CODE = YES;
				CLANG_WARN__DUPLICATE_METHOD_MATCH = YES;
				CODE_SIGN_IDENTITY = "-";
				COPY_PHASE_STRIP = NO;
				DEBUG_INFORMATION_FORMAT = dwarf;
				ENABLE_STRICT_OBJC_MSGSEND = YES;
				ENABLE_TESTABILITY = YES;
				GCC_C_LANGUAGE_STANDARD = gnu99;
				GCC_DYNAMIC_NO_PIC = NO;
				GCC_NO_COMMON_BLOCKS = YES;
				GCC_OPTIMIZATION_LEVEL = 0;
				GCC_PREPROCESSOR_DEFINITIONS = (
					"DEBUG=1",
					"$(inherited)",
				);
				GCC_WARN_64_TO_32_BIT_CONVERSION = YES;
				GCC_WARN_ABOUT_RETURN_TYPE = YES_ERROR;
				GCC_WARN_UNDECLARED_SELECTOR = YES;
				GCC_WARN_UNINITIALIZED_AUTOS = YES_AGGRESSIVE;
				GCC_WARN_UNUSED_FUNCTION = YES;
				GCC_WARN_UNUSED_VARIABLE = YES;
				MACOSX_DEPLOYMENT_TARGET = 10.12;
				MTL_ENABLE_DEBUG_INFO = YES;
				ONLY_ACTIVE_ARCH = YES;
				SDKROOT = macosx;
				SWIFT_OPTIMIZATION_LEVEL = "-Onone";
			};
			name = Debug;
		};
		25E169551E533733000EE428 /* Release */ = {
			isa = XCBuildConfiguration;
			buildSettings = {
				ALWAYS_SEARCH_USER_PATHS = NO;
				CLANG_ANALYZER_NONNULL = YES;
				CLANG_CXX_LANGUAGE_STANDARD = "gnu++0x";
				CLANG_CXX_LIBRARY = "libc++";
				CLANG_ENABLE_MODULES = YES;
				CLANG_ENABLE_OBJC_ARC = YES;
				CLANG_WARN_BOOL_CONVERSION = YES;
				CLANG_WARN_CONSTANT_CONVERSION = YES;
				CLANG_WARN_DIRECT_OBJC_ISA_USAGE = YES_ERROR;
				CLANG_WARN_DOCUMENTATION_COMMENTS = YES;
				CLANG_WARN_EMPTY_BODY = YES;
				CLANG_WARN_ENUM_CONVERSION = YES;
				CLANG_WARN_INFINITE_RECURSION = YES;
				CLANG_WARN_INT_CONVERSION = YES;
				CLANG_WARN_OBJC_ROOT_CLASS = YES_ERROR;
				CLANG_WARN_SUSPICIOUS_MOVE = YES;
				CLANG_WARN_UNREACHABLE_CODE = YES;
				CLANG_WARN__DUPLICATE_METHOD_MATCH = YES;
				CODE_SIGN_IDENTITY = "-";
				COPY_PHASE_STRIP = NO;
				DEBUG_INFORMATION_FORMAT = "dwarf-with-dsym";
				ENABLE_NS_ASSERTIONS = NO;
				ENABLE_STRICT_OBJC_MSGSEND = YES;
				GCC_C_LANGUAGE_STANDARD = gnu99;
				GCC_NO_COMMON_BLOCKS = YES;
				GCC_WARN_64_TO_32_BIT_CONVERSION = YES;
				GCC_WARN_ABOUT_RETURN_TYPE = YES_ERROR;
				GCC_WARN_UNDECLARED_SELECTOR = YES;
				GCC_WARN_UNINITIALIZED_AUTOS = YES_AGGRESSIVE;
				GCC_WARN_UNUSED_FUNCTION = YES;
				GCC_WARN_UNUSED_VARIABLE = YES;
				MACOSX_DEPLOYMENT_TARGET = 10.12;
				MTL_ENABLE_DEBUG_INFO = NO;
				SDKROOT = macosx;
			};
			name = Release;
		};
		25E169571E533733000EE428 /* Debug */ = {
			isa = XCBuildConfiguration;
			buildSettings = {
				DEVELOPMENT_TEAM = 74KE6VKKSF;
				PRODUCT_NAME = "$(TARGET_NAME)";
				SWIFT_VERSION = 3.0;
			};
			name = Debug;
		};
		25E169581E533733000EE428 /* Release */ = {
			isa = XCBuildConfiguration;
			buildSettings = {
				DEVELOPMENT_TEAM = 74KE6VKKSF;
				PRODUCT_NAME = "$(TARGET_NAME)";
				SWIFT_VERSION = 3.0;
			};
			name = Release;
		};
/* End XCBuildConfiguration section */

/* Begin XCConfigurationList section */
		25E1694A1E533733000EE428 /* Build configuration list for PBXProject "AlgoGraph" */ = {
			isa = XCConfigurationList;
			buildConfigurations = (
				25E169541E533733000EE428 /* Debug */,
				25E169551E533733000EE428 /* Release */,
			);
			defaultConfigurationIsVisible = 0;
			defaultConfigurationName = Release;
		};
		25E169561E533733000EE428 /* Build configuration list for PBXNativeTarget "AlgoGraph" */ = {
			isa = XCConfigurationList;
			buildConfigurations = (
				25E169571E533733000EE428 /* Debug */,
				25E169581E533733000EE428 /* Release */,
			);
			defaultConfigurationIsVisible = 0;
			defaultConfigurationName = Release;
		};
/* End XCConfigurationList section */
	};
	rootObject = 25E169471E533733000EE428 /* Project object */;
}
